<?xml version="1.0" encoding="utf-8"?>
<Project ToolsVersion="4.0" xmlns="http://schemas.microsoft.com/developer/msbuild/2003">
  <ItemGroup>
    <Filter Include="ソース ファイル">
      <UniqueIdentifier>{4FC737F1-C7A5-4376-A066-2A32D752A2FF}</UniqueIdentifier>
      <Extensions>cpp;c;cc;cxx;c++;cppm;ixx;def;odl;idl;hpj;bat;asm;asmx</Extensions>
    </Filter>
    <Filter Include="ヘッダー ファイル">
      <UniqueIdentifier>{93995380-89BD-4b04-88EB-625FBE52EBFB}</UniqueIdentifier>
      <Extensions>h;hh;hpp;hxx;h++;hm;inl;inc;ipp;xsd</Extensions>
    </Filter>
    <Filter Include="リソース ファイル">
      <UniqueIdentifier>{67DA6AB6-F800-4c08-8B7A-83BB121AAD01}</UniqueIdentifier>
      <Extensions>rc;ico;cur;bmp;dlg;rc2;rct;bin;rgs;gif;jpg;jpeg;jpe;resx;tiff;tif;png;wav;mfcribbon-ms</Extensions>
    </Filter>
    <Filter Include="Util">
      <UniqueIdentifier>{6661a24d-c562-430a-8512-6d39015aea8e}</UniqueIdentifier>
    </Filter>
    <Filter Include="Scene">
      <UniqueIdentifier>{2f761b95-163f-4691-bc7a-b8731a4dd182}</UniqueIdentifier>
    </Filter>
    <Filter Include="Game">
      <UniqueIdentifier>{6f1d6fc0-ccf2-47b0-a1ac-33f29621696c}</UniqueIdentifier>
    </Filter>
    <Filter Include="Game\Enemy">
      <UniqueIdentifier>{cb26414b-cc6f-4039-9ba1-9cd7f9c1bad3}</UniqueIdentifier>
    </Filter>
    <Filter Include="Game\Item">
      <UniqueIdentifier>{24467728-30b2-4583-816c-f35f7c4ab8e5}</UniqueIdentifier>
    </Filter>
  </ItemGroup>
  <ItemGroup>
    <ClCompile Include="Scene\GameclearScene.cpp">
      <Filter>Scene</Filter>
    </ClCompile>
    <ClCompile Include="Scene\GameoverScene.cpp">
      <Filter>Scene</Filter>
    </ClCompile>
    <ClCompile Include="Scene\GameplayingScene.cpp">
      <Filter>Scene</Filter>
    </ClCompile>
    <ClCompile Include="Scene\KeyConfigScene.cpp">
      <Filter>Scene</Filter>
    </ClCompile>
    <ClCompile Include="Scene\MonologueScene.cpp">
      <Filter>Scene</Filter>
    </ClCompile>
    <ClCompile Include="Scene\PauseScene.cpp">
      <Filter>Scene</Filter>
    </ClCompile>
    <ClCompile Include="Scene\SceneManager.cpp">
      <Filter>Scene</Filter>
    </ClCompile>
    <ClCompile Include="Scene\Secne.cpp">
      <Filter>Scene</Filter>
    </ClCompile>
    <ClCompile Include="Scene\SettingScene.cpp">
      <Filter>Scene</Filter>
    </ClCompile>
    <ClCompile Include="Scene\SoundSettingScene.cpp">
      <Filter>Scene</Filter>
    </ClCompile>
    <ClCompile Include="Scene\TitleScene.cpp">
      <Filter>Scene</Filter>
    </ClCompile>
    <ClCompile Include="Util\DrawFunctions.cpp">
      <Filter>Util</Filter>
    </ClCompile>
    <ClCompile Include="Util\Geometry.cpp">
      <Filter>Util</Filter>
    </ClCompile>
    <ClCompile Include="Util\Sound.cpp">
      <Filter>Util</Filter>
    </ClCompile>
    <ClCompile Include="InputState.cpp">
      <Filter>ソース ファイル</Filter>
    </ClCompile>
    <ClCompile Include="main.cpp">
      <Filter>ソース ファイル</Filter>
    </ClCompile>
    <ClCompile Include="Camera.cpp">
      <Filter>ソース ファイル</Filter>
    </ClCompile>
    <ClCompile Include="Game\TestPlayer.cpp">
      <Filter>Game</Filter>
    </ClCompile>
    <ClCompile Include="Model.cpp">
      <Filter>ソース ファイル</Filter>
    </ClCompile>
    <ClCompile Include="CollisionInfo.cpp">
      <Filter>ソース ファイル</Filter>
    </ClCompile>
    <ClCompile Include="Game\Map.cpp">
      <Filter>Game</Filter>
    </ClCompile>
    <ClCompile Include="WorldSprite.cpp">
      <Filter>ソース ファイル</Filter>
    </ClCompile>
    <ClCompile Include="Game\EnemyFactory.cpp">
      <Filter>Game</Filter>
    </ClCompile>
    <ClCompile Include="Game\Enemy\EnemyBase.cpp">
      <Filter>Game\Enemy</Filter>
    </ClCompile>
    <ClCompile Include="Game\Enemy\EnemyStraight.cpp">
      <Filter>Game\Enemy</Filter>
    </ClCompile>
    <ClCompile Include="Game\Enemy\EnemyStraightFly.cpp">
      <Filter>Game\Enemy</Filter>
    </ClCompile>
    <ClCompile Include="Game\Item\ItemBase.cpp">
      <Filter>Game\Item</Filter>
    </ClCompile>
    <ClCompile Include="Game\ItemFactory.cpp">
      <Filter>Game</Filter>
    </ClCompile>
    <ClCompile Include="Game\Item\ItemCoin.cpp">
      <Filter>Game\Item</Filter>
    </ClCompile>
    <ClCompile Include="Scene\ConfirmationScene.cpp">
      <Filter>Scene</Filter>
    </ClCompile>
    <ClCompile Include="Util\FileInformation.cpp">
      <Filter>Util</Filter>
    </ClCompile>
    <ClCompile Include="Game\Hp.cpp">
      <Filter>Game</Filter>
    </ClCompile>
    <ClCompile Include="Game\Player.cpp">
      <Filter>Game</Filter>
    </ClCompile>
    <ClCompile Include="Scene\DebugScene.cpp">
      <Filter>Scene</Filter>
    </ClCompile>
  </ItemGroup>
  <ItemGroup>
    <ClInclude Include="Scene\GameclearScene.h">
      <Filter>Scene</Filter>
    </ClInclude>
    <ClInclude Include="Scene\GameoverScene.h">
      <Filter>Scene</Filter>
    </ClInclude>
    <ClInclude Include="Scene\GameplayingScene.h">
      <Filter>Scene</Filter>
    </ClInclude>
    <ClInclude Include="Scene\KeyConfigScene.h">
      <Filter>Scene</Filter>
    </ClInclude>
    <ClInclude Include="Scene\MonologueScene.h">
      <Filter>Scene</Filter>
    </ClInclude>
    <ClInclude Include="Scene\PauseScene.h">
      <Filter>Scene</Filter>
    </ClInclude>
    <ClInclude Include="Scene\SceneManager.h">
      <Filter>Scene</Filter>
    </ClInclude>
    <ClInclude Include="Scene\Secne.h">
      <Filter>Scene</Filter>
    </ClInclude>
    <ClInclude Include="Scene\SettingScene.h">
      <Filter>Scene</Filter>
    </ClInclude>
    <ClInclude Include="Scene\SoundSettingScene.h">
      <Filter>Scene</Filter>
    </ClInclude>
    <ClInclude Include="Scene\TitleScene.h">
      <Filter>Scene</Filter>
    </ClInclude>
    <ClInclude Include="Util\DrawFunctions.h">
      <Filter>Util</Filter>
    </ClInclude>
    <ClInclude Include="Util\Geometry.h">
      <Filter>Util</Filter>
    </ClInclude>
    <ClInclude Include="Util\Sound.h">
      <Filter>Util</Filter>
    </ClInclude>
    <ClInclude Include="InputState.h">
      <Filter>ヘッダー ファイル</Filter>
    </ClInclude>
    <ClInclude Include="game.h">
      <Filter>ヘッダー ファイル</Filter>
    </ClInclude>
    <ClInclude Include="Camera.h">
      <Filter>ヘッダー ファイル</Filter>
    </ClInclude>
    <ClInclude Include="Game\TestPlayer.h">
      <Filter>Game</Filter>
    </ClInclude>
    <ClInclude Include="Model.h">
      <Filter>ヘッダー ファイル</Filter>
    </ClInclude>
    <ClInclude Include="CollisionInfo.h">
      <Filter>ヘッダー ファイル</Filter>
    </ClInclude>
    <ClInclude Include="Game\Map.h">
      <Filter>Game</Filter>
    </ClInclude>
    <ClInclude Include="WorldSprite.h">
      <Filter>ヘッダー ファイル</Filter>
    </ClInclude>
    <ClInclude Include="Game\EnemyFactory.h">
      <Filter>Game</Filter>
    </ClInclude>
    <ClInclude Include="Game\Enemy\EnemyBase.h">
      <Filter>Game\Enemy</Filter>
    </ClInclude>
    <ClInclude Include="Game\Enemy\EnemyStraight.h">
      <Filter>Game\Enemy</Filter>
    </ClInclude>
    <ClInclude Include="Game\Enemy\EnemyStraightFly.h">
      <Filter>Game\Enemy</Filter>
    </ClInclude>
    <ClInclude Include="Game\Item\ItemBase.h">
      <Filter>Game\Item</Filter>
    </ClInclude>
    <ClInclude Include="Game\ItemFactory.h">
      <Filter>Game</Filter>
    </ClInclude>
    <ClInclude Include="Game\Item\ItemCoin.h">
      <Filter>Game\Item</Filter>
    </ClInclude>
    <ClInclude Include="Scene\ConfirmationScene.h">
      <Filter>Scene</Filter>
    </ClInclude>
    <ClInclude Include="KeyInfo.h">
      <Filter>ヘッダー ファイル</Filter>
    </ClInclude>
    <ClInclude Include="Util\Info.h">
      <Filter>Util</Filter>
    </ClInclude>
    <ClInclude Include="Util\FileInformation.h">
      <Filter>Util</Filter>
    </ClInclude>
    <ClInclude Include="Game\Hp.h">
      <Filter>Game</Filter>
    </ClInclude>
    <ClInclude Include="Game\Player.h">
      <Filter>Game</Filter>
    </ClInclude>
    <ClInclude Include="Scene\DebugScene.h">
      <Filter>Scene</Filter>
    </ClInclude>
  </ItemGroup>
</Project>